// !$*UTF8*$!
{
	archiveVersion = 1;
	classes = {
	};
	objectVersion = 50;
	objects = {

/* Begin PBXBuildFile section */
		3A1F1BE525EAAE71006739C2 /* AddButton.swift in Sources */ = {isa = PBXBuildFile; fileRef = 3A1F1BE425EAAE71006739C2 /* AddButton.swift */; };
		3A30BB0D25EA935C00FE35FF /* NoteListCell.swift in Sources */ = {isa = PBXBuildFile; fileRef = 3A30BB0C25EA935C00FE35FF /* NoteListCell.swift */; };
		3A7F0FE725D6ECEB00D16F44 /* FileManager_in_SwiftUIApp.swift in Sources */ = {isa = PBXBuildFile; fileRef = 3A7F0FE625D6ECEB00D16F44 /* FileManager_in_SwiftUIApp.swift */; };
		3A7F0FE925D6ECEB00D16F44 /* MainView.swift in Sources */ = {isa = PBXBuildFile; fileRef = 3A7F0FE825D6ECEB00D16F44 /* MainView.swift */; };
		3A7F0FEB25D6ECED00D16F44 /* Assets.xcassets in Resources */ = {isa = PBXBuildFile; fileRef = 3A7F0FEA25D6ECED00D16F44 /* Assets.xcassets */; };
		3A7F0FEE25D6ECED00D16F44 /* Preview Assets.xcassets in Resources */ = {isa = PBXBuildFile; fileRef = 3A7F0FED25D6ECED00D16F44 /* Preview Assets.xcassets */; };
		3A88756225E8297400A4705A /* DataProvider.swift in Sources */ = {isa = PBXBuildFile; fileRef = 3A88756125E8297400A4705A /* DataProvider.swift */; };
		3A88756625E82A9300A4705A /* Note.swift in Sources */ = {isa = PBXBuildFile; fileRef = 3A88756525E82A9300A4705A /* Note.swift */; };
		3A88756C25E832DB00A4705A /* TextFieldAlertViewContoller.swift in Sources */ = {isa = PBXBuildFile; fileRef = 3A88756B25E832DB00A4705A /* TextFieldAlertViewContoller.swift */; };
		3A88757025E8344E00A4705A /* TextFieldAlert.swift in Sources */ = {isa = PBXBuildFile; fileRef = 3A88756F25E8344D00A4705A /* TextFieldAlert.swift */; };
		3A88757325E8349500A4705A /* View+Ext.swift in Sources */ = {isa = PBXBuildFile; fileRef = 3A88757225E8349500A4705A /* View+Ext.swift */; };
		3A88757725E834D700A4705A /* TextFieldWrapper.swift in Sources */ = {isa = PBXBuildFile; fileRef = 3A88757625E834D700A4705A /* TextFieldWrapper.swift */; };
/* End PBXBuildFile section */

/* Begin PBXFileReference section */
		3A1F1BE425EAAE71006739C2 /* AddButton.swift */ = {isa = PBXFileReference; lastKnownFileType = sourcecode.swift; path = AddButton.swift; sourceTree = "<group>"; };
		3A30BB0C25EA935C00FE35FF /* NoteListCell.swift */ = {isa = PBXFileReference; lastKnownFileType = sourcecode.swift; path = NoteListCell.swift; sourceTree = "<group>"; };
		3A7F0FE325D6ECEB00D16F44 /* FileManager in SwiftUI.app */ = {isa = PBXFileReference; explicitFileType = wrapper.application; includeInIndex = 0; path = "FileManager in SwiftUI.app"; sourceTree = BUILT_PRODUCTS_DIR; };
		3A7F0FE625D6ECEB00D16F44 /* FileManager_in_SwiftUIApp.swift */ = {isa = PBXFileReference; lastKnownFileType = sourcecode.swift; path = FileManager_in_SwiftUIApp.swift; sourceTree = "<group>"; };
		3A7F0FE825D6ECEB00D16F44 /* MainView.swift */ = {isa = PBXFileReference; lastKnownFileType = sourcecode.swift; path = MainView.swift; sourceTree = "<group>"; };
		3A7F0FEA25D6ECED00D16F44 /* Assets.xcassets */ = {isa = PBXFileReference; lastKnownFileType = folder.assetcatalog; path = Assets.xcassets; sourceTree = "<group>"; };
		3A7F0FED25D6ECED00D16F44 /* Preview Assets.xcassets */ = {isa = PBXFileReference; lastKnownFileType = folder.assetcatalog; path = "Preview Assets.xcassets"; sourceTree = "<group>"; };
		3A7F0FEF25D6ECED00D16F44 /* Info.plist */ = {isa = PBXFileReference; lastKnownFileType = text.plist.xml; path = Info.plist; sourceTree = "<group>"; };
		3A88756125E8297400A4705A /* DataProvider.swift */ = {isa = PBXFileReference; lastKnownFileType = sourcecode.swift; path = DataProvider.swift; sourceTree = "<group>"; };
		3A88756525E82A9300A4705A /* Note.swift */ = {isa = PBXFileReference; lastKnownFileType = sourcecode.swift; path = Note.swift; sourceTree = "<group>"; };
		3A88756B25E832DB00A4705A /* TextFieldAlertViewContoller.swift */ = {isa = PBXFileReference; lastKnownFileType = sourcecode.swift; path = TextFieldAlertViewContoller.swift; sourceTree = "<group>"; };
		3A88756F25E8344D00A4705A /* TextFieldAlert.swift */ = {isa = PBXFileReference; lastKnownFileType = sourcecode.swift; path = TextFieldAlert.swift; sourceTree = "<group>"; };
		3A88757225E8349500A4705A /* View+Ext.swift */ = {isa = PBXFileReference; lastKnownFileType = sourcecode.swift; path = "View+Ext.swift"; sourceTree = "<group>"; };
		3A88757625E834D700A4705A /* TextFieldWrapper.swift */ = {isa = PBXFileReference; lastKnownFileType = sourcecode.swift; path = TextFieldWrapper.swift; sourceTree = "<group>"; };
/* End PBXFileReference section */

/* Begin PBXFrameworksBuildPhase section */
		3A7F0FE025D6ECEB00D16F44 /* Frameworks */ = {
			isa = PBXFrameworksBuildPhase;
			buildActionMask = 2147483647;
			files = (
			);
			runOnlyForDeploymentPostprocessing = 0;
		};
/* End PBXFrameworksBuildPhase section */

/* Begin PBXGroup section */
		3A1F1BDD25EAADC4006739C2 /* Utilities */ = {
			isa = PBXGroup;
			children = (
				3A7F0FE625D6ECEB00D16F44 /* FileManager_in_SwiftUIApp.swift */,
			);
			path = Utilities;
			sourceTree = "<group>";
		};
		3A1F1BDE25EAADCD006739C2 /* Models */ = {
			isa = PBXGroup;
			children = (
				3A88756525E82A9300A4705A /* Note.swift */,
			);
			path = Models;
			sourceTree = "<group>";
		};
		3A1F1BDF25EAADD4006739C2 /* Controllers */ = {
			isa = PBXGroup;
			children = (
				3A7F0FE825D6ECEB00D16F44 /* MainView.swift */,
			);
			path = Controllers;
			sourceTree = "<group>";
		};
		3A1F1BE025EAADDC006739C2 /* Views */ = {
			isa = PBXGroup;
			children = (
				3A30BB0C25EA935C00FE35FF /* NoteListCell.swift */,
				3A1F1BE425EAAE71006739C2 /* AddButton.swift */,
				3A88757625E834D700A4705A /* TextFieldWrapper.swift */,
				3A88756F25E8344D00A4705A /* TextFieldAlert.swift */,
				3A88756B25E832DB00A4705A /* TextFieldAlertViewContoller.swift */,
			);
			path = Views;
			sourceTree = "<group>";
		};
		3A1F1BE125EAADEA006739C2 /* Helpers */ = {
			isa = PBXGroup;
			children = (
				3A88756125E8297400A4705A /* DataProvider.swift */,
				3A88757225E8349500A4705A /* View+Ext.swift */,
			);
			path = Helpers;
			sourceTree = "<group>";
		};
		3A1F1BE325EAAE07006739C2 /* Sources */ = {
			isa = PBXGroup;
			children = (
				3A7F0FEA25D6ECED00D16F44 /* Assets.xcassets */,
				3A7F0FEF25D6ECED00D16F44 /* Info.plist */,
			);
			path = Sources;
			sourceTree = "<group>";
		};
		3A7F0FDA25D6ECEB00D16F44 = {
			isa = PBXGroup;
			children = (
				3A7F0FE525D6ECEB00D16F44 /* FileManager in SwiftUI */,
				3A7F0FE425D6ECEB00D16F44 /* Products */,
			);
			sourceTree = "<group>";
		};
		3A7F0FE425D6ECEB00D16F44 /* Products */ = {
			isa = PBXGroup;
			children = (
				3A7F0FE325D6ECEB00D16F44 /* FileManager in SwiftUI.app */,
			);
			name = Products;
			sourceTree = "<group>";
		};
		3A7F0FE525D6ECEB00D16F44 /* FileManager in SwiftUI */ = {
			isa = PBXGroup;
			children = (
				3A1F1BDE25EAADCD006739C2 /* Models */,
				3A1F1BDF25EAADD4006739C2 /* Controllers */,
				3A1F1BE025EAADDC006739C2 /* Views */,
				3A1F1BE125EAADEA006739C2 /* Helpers */,
				3A1F1BDD25EAADC4006739C2 /* Utilities */,
				3A1F1BE325EAAE07006739C2 /* Sources */,
				3A7F0FEC25D6ECED00D16F44 /* Preview Content */,
			);
			path = "FileManager in SwiftUI";
			sourceTree = "<group>";
		};
		3A7F0FEC25D6ECED00D16F44 /* Preview Content */ = {
			isa = PBXGroup;
			children = (
				3A7F0FED25D6ECED00D16F44 /* Preview Assets.xcassets */,
			);
			path = "Preview Content";
			sourceTree = "<group>";
		};
/* End PBXGroup section */

/* Begin PBXNativeTarget section */
		3A7F0FE225D6ECEB00D16F44 /* FileManager in SwiftUI */ = {
			isa = PBXNativeTarget;
			buildConfigurationList = 3A7F0FF225D6ECED00D16F44 /* Build configuration list for PBXNativeTarget "FileManager in SwiftUI" */;
			buildPhases = (
				3A7F0FDF25D6ECEB00D16F44 /* Sources */,
				3A7F0FE025D6ECEB00D16F44 /* Frameworks */,
				3A7F0FE125D6ECEB00D16F44 /* Resources */,
			);
			buildRules = (
			);
			dependencies = (
			);
			name = "FileManager in SwiftUI";
			productName = "FileManager in SwiftUI";
			productReference = 3A7F0FE325D6ECEB00D16F44 /* FileManager in SwiftUI.app */;
			productType = "com.apple.product-type.application";
		};
/* End PBXNativeTarget section */

/* Begin PBXProject section */
		3A7F0FDB25D6ECEB00D16F44 /* Project object */ = {
			isa = PBXProject;
			attributes = {
				LastSwiftUpdateCheck = 1240;
				LastUpgradeCheck = 1240;
				TargetAttributes = {
					3A7F0FE225D6ECEB00D16F44 = {
						CreatedOnToolsVersion = 12.4;
					};
				};
			};
			buildConfigurationList = 3A7F0FDE25D6ECEB00D16F44 /* Build configuration list for PBXProject "FileManager in SwiftUI" */;
			compatibilityVersion = "Xcode 9.3";
			developmentRegion = en;
			hasScannedForEncodings = 0;
			knownRegions = (
				en,
				Base,
			);
			mainGroup = 3A7F0FDA25D6ECEB00D16F44;
			productRefGroup = 3A7F0FE425D6ECEB00D16F44 /* Products */;
			projectDirPath = "";
			projectRoot = "";
			targets = (
				3A7F0FE225D6ECEB00D16F44 /* FileManager in SwiftUI */,
			);
		};
/* End PBXProject section */

/* Begin PBXResourcesBuildPhase section */
		3A7F0FE125D6ECEB00D16F44 /* Resources */ = {
			isa = PBXResourcesBuildPhase;
			buildActionMask = 2147483647;
			files = (
				3A7F0FEE25D6ECED00D16F44 /* Preview Assets.xcassets in Resources */,
				3A7F0FEB25D6ECED00D16F44 /* Assets.xcassets in Resources */,
			);
			runOnlyForDeploymentPostprocessing = 0;
		};
/* End PBXResourcesBuildPhase section */

/* Begin PBXSourcesBuildPhase section */
		3A7F0FDF25D6ECEB00D16F44 /* Sources */ = {
			isa = PBXSourcesBuildPhase;
			buildActionMask = 2147483647;
			files = (
				3A88756C25E832DB00A4705A /* TextFieldAlertViewContoller.swift in Sources */,
				3A30BB0D25EA935C00FE35FF /* NoteListCell.swift in Sources */,
				3A88756225E8297400A4705A /* DataProvider.swift in Sources */,
				3A1F1BE525EAAE71006739C2 /* AddButton.swift in Sources */,
				3A7F0FE925D6ECEB00D16F44 /* MainView.swift in Sources */,
				3A88757725E834D700A4705A /* TextFieldWrapper.swift in Sources */,
				3A88757325E8349500A4705A /* View+Ext.swift in Sources */,
				3A7F0FE725D6ECEB00D16F44 /* FileManager_in_SwiftUIApp.swift in Sources */,
				3A88757025E8344E00A4705A /* TextFieldAlert.swift in Sources */,
				3A88756625E82A9300A4705A /* Note.swift in Sources */,
			);
			runOnlyForDeploymentPostprocessing = 0;
		};
/* End PBXSourcesBuildPhase section */

/* Begin XCBuildConfiguration section */
		3A7F0FF025D6ECED00D16F44 /* Debug */ = {
			isa = XCBuildConfiguration;
			buildSettings = {
				ALWAYS_SEARCH_USER_PATHS = NO;
				CLANG_ANALYZER_NONNULL = YES;
				CLANG_ANALYZER_NUMBER_OBJECT_CONVERSION = YES_AGGRESSIVE;
				CLANG_CXX_LANGUAGE_STANDARD = "gnu++14";
				CLANG_CXX_LIBRARY = "libc++";
				CLANG_ENABLE_MODULES = YES;
				CLANG_ENABLE_OBJC_ARC = YES;
				CLANG_ENABLE_OBJC_WEAK = YES;
				CLANG_WARN_BLOCK_CAPTURE_AUTORELEASING = YES;
				CLANG_WARN_BOOL_CONVERSION = YES;
				CLANG_WARN_COMMA = YES;
				CLANG_WARN_CONSTANT_CONVERSION = YES;
				CLANG_WARN_DEPRECATED_OBJC_IMPLEMENTATIONS = YES;
				CLANG_WARN_DIRECT_OBJC_ISA_USAGE = YES_ERROR;
				CLANG_WARN_DOCUMENTATION_COMMENTS = YES;
				CLANG_WARN_EMPTY_BODY = YES;
				CLANG_WARN_ENUM_CONVERSION = YES;
				CLANG_WARN_INFINITE_RECURSION = YES;
				CLANG_WARN_INT_CONVERSION = YES;
				CLANG_WARN_NON_LITERAL_NULL_CONVERSION = YES;
				CLANG_WARN_OBJC_IMPLICIT_RETAIN_SELF = YES;
				CLANG_WARN_OBJC_LITERAL_CONVERSION = YES;
				CLANG_WARN_OBJC_ROOT_CLASS = YES_ERROR;
				CLANG_WARN_QUOTED_INCLUDE_IN_FRAMEWORK_HEADER = YES;
				CLANG_WARN_RANGE_LOOP_ANALYSIS = YES;
				CLANG_WARN_STRICT_PROTOTYPES = YES;
				CLANG_WARN_SUSPICIOUS_MOVE = YES;
				CLANG_WARN_UNGUARDED_AVAILABILITY = YES_AGGRESSIVE;
				CLANG_WARN_UNREACHABLE_CODE = YES;
				CLANG_WARN__DUPLICATE_METHOD_MATCH = YES;
				COPY_PHASE_STRIP = NO;
				DEBUG_INFORMATION_FORMAT = dwarf;
				ENABLE_STRICT_OBJC_MSGSEND = YES;
				ENABLE_TESTABILITY = YES;
				GCC_C_LANGUAGE_STANDARD = gnu11;
				GCC_DYNAMIC_NO_PIC = NO;
				GCC_NO_COMMON_BLOCKS = YES;
				GCC_OPTIMIZATION_LEVEL = 0;
				GCC_PREPROCESSOR_DEFINITIONS = (
					"DEBUG=1",
					"$(inherited)",
				);
				GCC_WARN_64_TO_32_BIT_CONVERSION = YES;
				GCC_WARN_ABOUT_RETURN_TYPE = YES_ERROR;
				GCC_WARN_UNDECLARED_SELECTOR = YES;
				GCC_WARN_UNINITIALIZED_AUTOS = YES_AGGRESSIVE;
				GCC_WARN_UNUSED_FUNCTION = YES;
				GCC_WARN_UNUSED_VARIABLE = YES;
				IPHONEOS_DEPLOYMENT_TARGET = 14.1;
				MTL_ENABLE_DEBUG_INFO = INCLUDE_SOURCE;
				MTL_FAST_MATH = YES;
				ONLY_ACTIVE_ARCH = YES;
				SDKROOT = iphoneos;
				SWIFT_ACTIVE_COMPILATION_CONDITIONS = DEBUG;
				SWIFT_OPTIMIZATION_LEVEL = "-Onone";
			};
			name = Debug;
		};
		3A7F0FF125D6ECED00D16F44 /* Release */ = {
			isa = XCBuildConfiguration;
			buildSettings = {
				ALWAYS_SEARCH_USER_PATHS = NO;
				CLANG_ANALYZER_NONNULL = YES;
				CLANG_ANALYZER_NUMBER_OBJECT_CONVERSION = YES_AGGRESSIVE;
				CLANG_CXX_LANGUAGE_STANDARD = "gnu++14";
				CLANG_CXX_LIBRARY = "libc++";
				CLANG_ENABLE_MODULES = YES;
				CLANG_ENABLE_OBJC_ARC = YES;
				CLANG_ENABLE_OBJC_WEAK = YES;
				CLANG_WARN_BLOCK_CAPTURE_AUTORELEASING = YES;
				CLANG_WARN_BOOL_CONVERSION = YES;
				CLANG_WARN_COMMA = YES;
				CLANG_WARN_CONSTANT_CONVERSION = YES;
				CLANG_WARN_DEPRECATED_OBJC_IMPLEMENTATIONS = YES;
				CLANG_WARN_DIRECT_OBJC_ISA_USAGE = YES_ERROR;
				CLANG_WARN_DOCUMENTATION_COMMENTS = YES;
				CLANG_WARN_EMPTY_BODY = YES;
				CLANG_WARN_ENUM_CONVERSION = YES;
				CLANG_WARN_INFINITE_RECURSION = YES;
				CLANG_WARN_INT_CONVERSION = YES;
				CLANG_WARN_NON_LITERAL_NULL_CONVERSION = YES;
				CLANG_WARN_OBJC_IMPLICIT_RETAIN_SELF = YES;
				CLANG_WARN_OBJC_LITERAL_CONVERSION = YES;
				CLANG_WARN_OBJC_ROOT_CLASS = YES_ERROR;
				CLANG_WARN_QUOTED_INCLUDE_IN_FRAMEWORK_HEADER = YES;
				CLANG_WARN_RANGE_LOOP_ANALYSIS = YES;
				CLANG_WARN_STRICT_PROTOTYPES = YES;
				CLANG_WARN_SUSPICIOUS_MOVE = YES;
				CLANG_WARN_UNGUARDED_AVAILABILITY = YES_AGGRESSIVE;
				CLANG_WARN_UNREACHABLE_CODE = YES;
				CLANG_WARN__DUPLICATE_METHOD_MATCH = YES;
				COPY_PHASE_STRIP = NO;
				DEBUG_INFORMATION_FORMAT = "dwarf-with-dsym";
				ENABLE_NS_ASSERTIONS = NO;
				ENABLE_STRICT_OBJC_MSGSEND = YES;
				GCC_C_LANGUAGE_STANDARD = gnu11;
				GCC_NO_COMMON_BLOCKS = YES;
				GCC_WARN_64_TO_32_BIT_CONVERSION = YES;
				GCC_WARN_ABOUT_RETURN_TYPE = YES_ERROR;
				GCC_WARN_UNDECLARED_SELECTOR = YES;
				GCC_WARN_UNINITIALIZED_AUTOS = YES_AGGRESSIVE;
				GCC_WARN_UNUSED_FUNCTION = YES;
				GCC_WARN_UNUSED_VARIABLE = YES;
				IPHONEOS_DEPLOYMENT_TARGET = 14.1;
				MTL_ENABLE_DEBUG_INFO = NO;
				MTL_FAST_MATH = YES;
				SDKROOT = iphoneos;
				SWIFT_COMPILATION_MODE = wholemodule;
				SWIFT_OPTIMIZATION_LEVEL = "-O";
				VALIDATE_PRODUCT = YES;
			};
			name = Release;
		};
		3A7F0FF325D6ECED00D16F44 /* Debug */ = {
			isa = XCBuildConfiguration;
			buildSettings = {
				ASSETCATALOG_COMPILER_APPICON_NAME = AppIcon;
				ASSETCATALOG_COMPILER_GLOBAL_ACCENT_COLOR_NAME = AccentColor;
				CODE_SIGN_STYLE = Automatic;
				DEVELOPMENT_ASSET_PATHS = "\"FileManager in SwiftUI/Preview Content\"";
				DEVELOPMENT_TEAM = "";
				ENABLE_PREVIEWS = YES;
				INFOPLIST_FILE = "FileManager in SwiftUI/Sources/Info.plist";
				IPHONEOS_DEPLOYMENT_TARGET = 14.0;
				LD_RUNPATH_SEARCH_PATHS = (
					"$(inherited)",
					"@executable_path/Frameworks",
				);
				PRODUCT_BUNDLE_IDENTIFIER = "canbalkaya.FileManager-in-SwiftUI";
				PRODUCT_NAME = "$(TARGET_NAME)";
				SWIFT_VERSION = 5.0;
				TARGETED_DEVICE_FAMILY = 1;
			};
			name = Debug;
		};
		3A7F0FF425D6ECED00D16F44 /* Release */ = {
			isa = XCBuildConfiguration;
			buildSettings = {
				ASSETCATALOG_COMPILER_APPICON_NAME = AppIcon;
				ASSETCATALOG_COMPILER_GLOBAL_ACCENT_COLOR_NAME = AccentColor;
				CODE_SIGN_STYLE = Automatic;
				DEVELOPMENT_ASSET_PATHS = "\"FileManager in SwiftUI/Preview Content\"";
				DEVELOPMENT_TEAM = "";
				ENABLE_PREVIEWS = YES;
				INFOPLIST_FILE = "FileManager in SwiftUI/Sources/Info.plist";
				IPHONEOS_DEPLOYMENT_TARGET = 14.0;
				LD_RUNPATH_SEARCH_PATHS = (
					"$(inherited)",
					"@executable_path/Frameworks",
				);
				PRODUCT_BUNDLE_IDENTIFIER = "canbalkaya.FileManager-in-SwiftUI";
				PRODUCT_NAME = "$(TARGET_NAME)";
				SWIFT_VERSION = 5.0;
				TARGETED_DEVICE_FAMILY = 1;
			};
			name = Release;
		};
/* End XCBuildConfiguration section */

/* Begin XCConfigurationList section */
		3A7F0FDE25D6ECEB00D16F44 /* Build configuration list for PBXProject "FileManager in SwiftUI" */ = {
			isa = XCConfigurationList;
			buildConfigurations = (
				3A7F0FF025D6ECED00D16F44 /* Debug */,
				3A7F0FF125D6ECED00D16F44 /* Release */,
			);
			defaultConfigurationIsVisible = 0;
			defaultConfigurationName = Release;
		};
		3A7F0FF225D6ECED00D16F44 /* Build configuration list for PBXNativeTarget "FileManager in SwiftUI" */ = {
			isa = XCConfigurationList;
			buildConfigurations = (
				3A7F0FF325D6ECED00D16F44 /* Debug */,
				3A7F0FF425D6ECED00D16F44 /* Release */,
			);
			defaultConfigurationIsVisible = 0;
			defaultConfigurationName = Release;
		};
/* End XCConfigurationList section */
	};
	rootObject = 3A7F0FDB25D6ECEB00D16F44 /* Project object */;
}
